// !$*UTF8*$!
{
	archiveVersion = 1;
	classes = {
	};
	objectVersion = 32;
	objects = {
		017AF4D9006EBDA3C0A80002 = {
			isa = PBXFrameworkReference;
			name = ScreenSaver.framework;
			path = /System/Library/Frameworks/ScreenSaver.framework;
			refType = 0;
		};
		017AF4DA006EBDA3C0A80002 = {
			fileRef = 017AF4D9006EBDA3C0A80002;
			isa = PBXBuildFile;
			settings = {
			};
		};
		017AF4DB006ED87EC0A80002 = {
			isa = PBXFileReference;
			path = Controller.h;
			refType = 4;
		};
		017AF4DC006ED87EC0A80002 = {
			isa = PBXFileReference;
			path = Controller.m;
			refType = 4;
		};
		017AF4DD006ED87EC0A80002 = {
			fileRef = 017AF4DB006ED87EC0A80002;
			isa = PBXBuildFile;
			settings = {
			};
		};
		017AF4DE006ED87EC0A80002 = {
			fileRef = 017AF4DC006ED87EC0A80002;
			isa = PBXBuildFile;
			settings = {
			};
		};
		017AF4DF006EF750C0A80002 = {
			isa = PBXFileReference;
			path = SSSController.h;
			refType = 4;
		};
		017AF4E0006EF750C0A80002 = {
			isa = PBXFileReference;
			path = SSSController.m;
			refType = 4;
		};
		017AF4E2006EF750C0A80002 = {
			fileRef = 017AF4DF006EF750C0A80002;
			isa = PBXBuildFile;
			settings = {
			};
		};
		017AF4E4006EF750C0A80002 = {
			fileRef = 017AF4E0006EF750C0A80002;
			isa = PBXBuildFile;
			settings = {
			};
		};
		0214AE0E007AEDA27F000001 = {
			isa = PBXFileReference;
			path = SSSFullScreenWindow.h;
			refType = 4;
		};
		0214AE0F007AEDA27F000001 = {
			isa = PBXFileReference;
			path = SSSFullScreenWindow.m;
			refType = 4;
		};
		0214AE10007AEDA27F000001 = {
			fileRef = 0214AE0E007AEDA27F000001;
			isa = PBXBuildFile;
			settings = {
			};
		};
		0214AE11007AEDA27F000001 = {
			fileRef = 0214AE0F007AEDA27F000001;
			isa = PBXBuildFile;
			settings = {
			};
		};
		043355C9FE30361CC02AAC07 = {
			buildActionMask = 2147483647;
			files = (
			);
			isa = PBXRezBuildPhase;
			name = "ResourceManager Resources";
		};
		080E96DDFE201D6D7F000001 = {
			children = (
				017AF4DB006ED87EC0A80002,
				017AF4DC006ED87EC0A80002,
				017AF4DF006EF750C0A80002,
				017AF4E0006EF750C0A80002,
				0214AE0E007AEDA27F000001,
				0214AE0F007AEDA27F000001,
			);
			isa = PBXGroup;
			name = Classes;
			refType = 4;
		};
		089C165CFE840E0CC02AAC07 = {
			children = (
				089C165DFE840E0CC02AAC07,
			);
			isa = PBXVariantGroup;
			name = InfoPlist.strings;
			refType = 4;
		};
		089C165DFE840E0CC02AAC07 = {
			fileEncoding = 10;
			isa = PBXFileReference;
			name = English;
			path = English.lproj/InfoPlist.strings;
			refType = 4;
		};
		089C165EFE840E0CC02AAC07 = {
			fileRef = 089C165CFE840E0CC02AAC07;
			isa = PBXBuildFile;
			settings = {
			};
		};
		1058C7A0FEA54F0111CA2CBB = {
			children = (
				1058C7A1FEA54F0111CA2CBB,
				017AF4D9006EBDA3C0A80002,
			);
			isa = PBXGroup;
			name = "Linked Frameworks";
			refType = 4;
		};
		1058C7A1FEA54F0111CA2CBB = {
			isa = PBXFrameworkReference;
			name = Cocoa.framework;
			path = /System/Library/Frameworks/Cocoa.framework;
			refType = 0;
		};
		1058C7A2FEA54F0111CA2CBB = {
			children = (
				29B97325FDCFA39411CA2CEA,
				29B97324FDCFA39411CA2CEA,
			);
			isa = PBXGroup;
			name = "Other Frameworks";
			refType = 4;
		};
		1058C7A3FEA54F0111CA2CBB = {
			fileRef = 1058C7A1FEA54F0111CA2CBB;
			isa = PBXBuildFile;
			settings = {
			};
		};
		17587328FF379C6511CA2CBB = {
			isa = PBXApplicationReference;
			path = SaverLab.app;
			refType = 3;
		};
		19C28FACFE9D520D11CA2CBB = {
			children = (
				17587328FF379C6511CA2CBB,
			);
			isa = PBXGroup;
			name = Products;
			refType = 4;
		};
		29B97313FDCFA39411CA2CEA = {
			buildStyles = (
				4A9504CCFFE6A4B311CA0CBA,
				4A9504CDFFE6A4B311CA0CBA,
			);
			isa = PBXProject;
			mainGroup = 29B97314FDCFA39411CA2CEA;
			targets = (
				29B97326FDCFA39411CA2CEA,
			);
		};
		29B97314FDCFA39411CA2CEA = {
			children = (
				080E96DDFE201D6D7F000001,
				29B97315FDCFA39411CA2CEA,
				29B97317FDCFA39411CA2CEA,
				29B97323FDCFA39411CA2CEA,
				19C28FACFE9D520D11CA2CBB,
			);
			isa = PBXGroup;
			name = ScreenSaverShell;
			path = "";
			refType = 4;
		};
		29B97315FDCFA39411CA2CEA = {
			children = (
				29B97316FDCFA39411CA2CEA,
			);
			isa = PBXGroup;
			name = "Other Sources";
			path = "";
			refType = 4;
		};
		29B97316FDCFA39411CA2CEA = {
			isa = PBXFileReference;
			path = main.m;
			refType = 4;
		};
		29B97317FDCFA39411CA2CEA = {
			children = (
				701D263B0076C93C7F000001,
				089C165CFE840E0CC02AAC07,
				459FBB2B0075ACF27F000001,
			);
			isa = PBXGroup;
			name = Resources;
			path = "";
			refType = 4;
		};
		29B97323FDCFA39411CA2CEA = {
			children = (
				1058C7A0FEA54F0111CA2CBB,
				1058C7A2FEA54F0111CA2CBB,
			);
			isa = PBXGroup;
			name = Frameworks;
			path = "";
			refType = 4;
		};
		29B97324FDCFA39411CA2CEA = {
			isa = PBXFrameworkReference;
			name = AppKit.framework;
			path = /System/Library/Frameworks/AppKit.framework;
			refType = 0;
		};
		29B97325FDCFA39411CA2CEA = {
			isa = PBXFrameworkReference;
			name = Foundation.framework;
			path = /System/Library/Frameworks/Foundation.framework;
			refType = 0;
		};
		29B97326FDCFA39411CA2CEA = {
			buildPhases = (
				29B97327FDCFA39411CA2CEA,
				29B97328FDCFA39411CA2CEA,
				29B9732BFDCFA39411CA2CEA,
				29B9732DFDCFA39411CA2CEA,
				043355C9FE30361CC02AAC07,
			);
			buildSettings = {
				FRAMEWORK_SEARCH_PATHS = "";
				HEADER_SEARCH_PATHS = "";
				INSTALL_PATH = "$(HOME)/Applications";
				LIBRARY_SEARCH_PATHS = "";
				OPTIMIZATION_CFLAGS = "";
				OTHER_CFLAGS = "";
				OTHER_LDFLAGS = "";
				PRODUCT_NAME = SaverLab;
				SECTORDER_FLAGS = "";
				WARNING_CFLAGS = "-Wmost -Wno-four-char-constants -Wno-unknown-pragmas";
				WRAPPER_EXTENSION = app;
			};
			conditionalBuildSettings = {
			};
			dependencies = (
			);
			isa = PBXApplicationTarget;
			name = SaverLab;
			productInstallPath = "$(HOME)/Applications";
			productName = ScreenSaverShell;
			productReference = 17587328FF379C6511CA2CBB;
			productSettingsXML = "<?xml version=\"1.0\" encoding=\"UTF-8\"?>
<!DOCTYPE plist SYSTEM \"file://localhost/System/Library/DTDs/PropertyList.dtd\">
<plist version=\"0.9\">
<dict>
	<key>CFBundleDevelopmentRegion</key>
	<string>English</string>
	<key>CFBundleExecutable</key>
	<string>SaverLab</string>
	<key>CFBundleGetInfoString</key>
	<string>SaverLab 1.1</string>
	<key>CFBundleIconFile</key>
	<string></string>
	<key>CFBundleIdentifier</key>
	<string>com.dozingcat.SaverLab</string>
	<key>CFBundleInfoDictionaryVersion</key>
	<string>6.0</string>
	<key>CFBundleName</key>
	<string>SaverLab</string>
	<key>CFBundlePackageType</key>
	<string>APPL</string>
	<key>CFBundleShortVersionString</key>
	<string>SaverLab 1.1</string>
	<key>CFBundleSignature</key>
	<string>????</string>
	<key>CFBundleVersion</key>
	<string>1.1</string>
	<key>NSHelpFile</key>
	<string>readme.html</string>
	<key>NSMainNibFile</key>
	<string>MainMenu</string>
	<key>NSPrincipalClass</key>
	<string>NSApplication</string>
</dict>
</plist>
";
			shouldUseHeadermap = 1;
		};
		29B97327FDCFA39411CA2CEA = {
			buildActionMask = 2147483647;
			files = (
				017AF4DD006ED87EC0A80002,
				017AF4E2006EF750C0A80002,
				0214AE10007AEDA27F000001,
			);
			isa = PBXHeadersBuildPhase;
			name = Headers;
		};
		29B97328FDCFA39411CA2CEA = {
			buildActionMask = 2147483647;
			files = (
				089C165EFE840E0CC02AAC07,
				459FBB2F0075ACF27F000001,
				701D263C0076C93C7F000001,
			);
			isa = PBXResourcesBuildPhase;
			name = "Bundle Resources";
		};
		29B9732BFDCFA39411CA2CEA = {
			buildActionMask = 2147483647;
			files = (
				29B9732CFDCFA39411CA2CEA,
				017AF4DE006ED87EC0A80002,
				017AF4E4006EF750C0A80002,
				0214AE11007AEDA27F000001,
			);
			isa = PBXSourcesBuildPhase;
			name = Sources;
		};
		29B9732CFDCFA39411CA2CEA = {
			fileRef = 29B97316FDCFA39411CA2CEA;
			isa = PBXBuildFile;
			settings = {
				ATTRIBUTES = (
				);
			};
		};
		29B9732DFDCFA39411CA2CEA = {
			buildActionMask = 2147483647;
			files = (
				1058C7A3FEA54F0111CA2CBB,
				017AF4DA006EBDA3C0A80002,
			);
			isa = PBXFrameworksBuildPhase;
			name = "Frameworks & Libraries";
		};
		459FBB2B0075ACF27F000001 = {
			children = (
				459FBB2C0075ACF27F000001,
			);
			isa = PBXVariantGroup;
			name = MainMenu.nib;
			path = "";
			refType = 4;
		};
		459FBB2C0075ACF27F000001 = {
			isa = PBXFileReference;
			name = English;
			path = English.lproj/MainMenu.nib;
			refType = 4;
		};
		459FBB2F0075ACF27F000001 = {
			fileRef = 459FBB2B0075ACF27F000001;
			isa = PBXBuildFile;
			settings = {
			};
		};
		4A9504CCFFE6A4B311CA0CBA = {
			buildRules = (
			);
			buildSettings = {
				COPY_PHASE_STRIP = NO;
			};
			isa = PBXBuildStyle;
			name = Development;
		};
		4A9504CDFFE6A4B311CA0CBA = {
			buildRules = (
			);
			buildSettings = {
				COPY_PHASE_STRIP = YES;
			};
			isa = PBXBuildStyle;
			name = Deployment;
		};
		701D263B0076C93C7F000001 = {
			isa = PBXFileReference;
			path = readme.html;
			refType = 4;
		};
		701D263C0076C93C7F000001 = {
			fileRef = 701D263B0076C93C7F000001;
			isa = PBXBuildFile;
			settings = {
			};
		};
	};
	rootObject = 29B97313FDCFA39411CA2CEA;
}
