// !$*UTF8*$!
{
	archiveVersion = 1;
	classes = {
	};
	objectVersion = 38;
	objects = {
		017AF4D9006EBDA3C0A80002 = {
			isa = PBXFrameworkReference;
			name = ScreenSaver.framework;
			path = /System/Library/Frameworks/ScreenSaver.framework;
			refType = 0;
		};
		017AF4DA006EBDA3C0A80002 = {
			fileRef = 017AF4D9006EBDA3C0A80002;
			isa = PBXBuildFile;
			settings = {
			};
		};
		017AF4DB006ED87EC0A80002 = {
			isa = PBXFileReference;
			path = SaverLabController.h;
			refType = 4;
		};
		017AF4DC006ED87EC0A80002 = {
			isa = PBXFileReference;
			path = SaverLabController.m;
			refType = 4;
		};
		017AF4DD006ED87EC0A80002 = {
			fileRef = 017AF4DB006ED87EC0A80002;
			isa = PBXBuildFile;
			settings = {
			};
		};
		017AF4DE006ED87EC0A80002 = {
			fileRef = 017AF4DC006ED87EC0A80002;
			isa = PBXBuildFile;
			settings = {
			};
		};
		017AF4DF006EF750C0A80002 = {
			isa = PBXFileReference;
			path = SaverLabModuleController.h;
			refType = 4;
		};
		017AF4E0006EF750C0A80002 = {
			isa = PBXFileReference;
			path = SaverLabModuleController.m;
			refType = 4;
		};
		017AF4E2006EF750C0A80002 = {
			fileRef = 017AF4DF006EF750C0A80002;
			isa = PBXBuildFile;
			settings = {
			};
		};
		017AF4E4006EF750C0A80002 = {
			fileRef = 017AF4E0006EF750C0A80002;
			isa = PBXBuildFile;
			settings = {
			};
		};
//010
//011
//012
//013
//014
//020
//021
//022
//023
//024
		0214AE0E007AEDA27F000001 = {
			isa = PBXFileReference;
			path = SaverLabFullScreenWindow.h;
			refType = 4;
		};
		0214AE0F007AEDA27F000001 = {
			isa = PBXFileReference;
			path = SaverLabFullScreenWindow.m;
			refType = 4;
		};
		0214AE10007AEDA27F000001 = {
			fileRef = 0214AE0E007AEDA27F000001;
			isa = PBXBuildFile;
			settings = {
			};
		};
		0214AE11007AEDA27F000001 = {
			fileRef = 0214AE0F007AEDA27F000001;
			isa = PBXBuildFile;
			settings = {
			};
		};
//020
//021
//022
//023
//024
//040
//041
//042
//043
//044
		043355C9FE30361CC02AAC07 = {
			buildActionMask = 2147483647;
			files = (
			);
			isa = PBXRezBuildPhase;
			runOnlyForDeploymentPostprocessing = 0;
		};
//040
//041
//042
//043
//044
//080
//081
//082
//083
//084
		089C165CFE840E0CC02AAC07 = {
			children = (
				089C165DFE840E0CC02AAC07,
			);
			isa = PBXVariantGroup;
			name = InfoPlist.strings;
			refType = 4;
		};
		089C165DFE840E0CC02AAC07 = {
			fileEncoding = 10;
			isa = PBXFileReference;
			name = English;
			path = English.lproj/InfoPlist.strings;
			refType = 4;
		};
		089C165EFE840E0CC02AAC07 = {
			fileRef = 089C165CFE840E0CC02AAC07;
			isa = PBXBuildFile;
			settings = {
			};
		};
//080
//081
//082
//083
//084
//0C0
//0C1
//0C2
//0C3
//0C4
		0CB90036008A792A7F000001 = {
			isa = PBXFrameworkReference;
			name = OpenGL.framework;
			path = /System/Library/Frameworks/OpenGL.framework;
			refType = 0;
		};
		0CB90037008A792A7F000001 = {
			fileRef = 0CB90036008A792A7F000001;
			isa = PBXBuildFile;
			settings = {
			};
		};
//0C0
//0C1
//0C2
//0C3
//0C4
//100
//101
//102
//103
//104
		1058C7A0FEA54F0111CA2CBB = {
			children = (
				1058C7A1FEA54F0111CA2CBB,
				017AF4D9006EBDA3C0A80002,
				0CB90036008A792A7F000001,
				F577A35A0143638801000001,
				F565BC2903A9A7CA01A80032,
			);
			isa = PBXGroup;
			name = "Linked Frameworks";
			refType = 4;
		};
		1058C7A1FEA54F0111CA2CBB = {
			isa = PBXFrameworkReference;
			name = Cocoa.framework;
			path = /System/Library/Frameworks/Cocoa.framework;
			refType = 0;
		};
		1058C7A2FEA54F0111CA2CBB = {
			children = (
				29B97325FDCFA39411CA2CEA,
				29B97324FDCFA39411CA2CEA,
			);
			isa = PBXGroup;
			name = "Other Frameworks";
			refType = 4;
		};
		1058C7A3FEA54F0111CA2CBB = {
			fileRef = 1058C7A1FEA54F0111CA2CBB;
			isa = PBXBuildFile;
			settings = {
			};
		};
//100
//101
//102
//103
//104
//170
//171
//172
//173
//174
		17587328FF379C6511CA2CBB = {
			isa = PBXApplicationReference;
			path = SaverLab.app;
			refType = 3;
		};
//170
//171
//172
//173
//174
//190
//191
//192
//193
//194
		19C28FACFE9D520D11CA2CBB = {
			children = (
				17587328FF379C6511CA2CBB,
			);
			isa = PBXGroup;
			name = Products;
			refType = 4;
		};
//190
//191
//192
//193
//194
//290
//291
//292
//293
//294
		29B97313FDCFA39411CA2CEA = {
			buildStyles = (
				4A9504CCFFE6A4B311CA0CBA,
				4A9504CDFFE6A4B311CA0CBA,
			);
			isa = PBXProject;
			mainGroup = 29B97314FDCFA39411CA2CEA;
			projectDirPath = "";
			targets = (
				29B97326FDCFA39411CA2CEA,
			);
		};
		29B97314FDCFA39411CA2CEA = {
			children = (
				F524BA0E00EEDFD301A80002,
				F524BA0F00EEDFD301A80002,
				F5E5BB3700DD408801A80002,
				29B97315FDCFA39411CA2CEA,
				29B97317FDCFA39411CA2CEA,
				29B97323FDCFA39411CA2CEA,
				19C28FACFE9D520D11CA2CBB,
			);
			isa = PBXGroup;
			name = ScreenSaverShell;
			path = "";
			refType = 4;
		};
		29B97315FDCFA39411CA2CEA = {
			children = (
				29B97316FDCFA39411CA2CEA,
				F577A3510143566A01000001,
				F577A3520143566A01000001,
			);
			isa = PBXGroup;
			name = "Other Sources";
			path = "";
			refType = 4;
		};
		29B97316FDCFA39411CA2CEA = {
			isa = PBXFileReference;
			path = main.m;
			refType = 4;
		};
		29B97317FDCFA39411CA2CEA = {
			children = (
				F524BA0A00E9A4AB01A80002,
				701D263B0076C93C7F000001,
				089C165CFE840E0CC02AAC07,
				459FBB2B0075ACF27F000001,
				F55D506300CF36EB01A80002,
				F58DF794030CAE2201A80032,
				F58DF796030CAE2401A80032,
			);
			isa = PBXGroup;
			name = Resources;
			path = "";
			refType = 4;
		};
		29B97323FDCFA39411CA2CEA = {
			children = (
				1058C7A0FEA54F0111CA2CBB,
				1058C7A2FEA54F0111CA2CBB,
			);
			isa = PBXGroup;
			name = Frameworks;
			path = "";
			refType = 4;
		};
		29B97324FDCFA39411CA2CEA = {
			isa = PBXFrameworkReference;
			name = AppKit.framework;
			path = /System/Library/Frameworks/AppKit.framework;
			refType = 0;
		};
		29B97325FDCFA39411CA2CEA = {
			isa = PBXFrameworkReference;
			name = Foundation.framework;
			path = /System/Library/Frameworks/Foundation.framework;
			refType = 0;
		};
		29B97326FDCFA39411CA2CEA = {
			buildPhases = (
				29B97327FDCFA39411CA2CEA,
				29B97328FDCFA39411CA2CEA,
				29B9732BFDCFA39411CA2CEA,
				29B9732DFDCFA39411CA2CEA,
				043355C9FE30361CC02AAC07,
			);
			buildSettings = {
				DEBUGGING_SYMBOLS = NO;
				FRAMEWORK_SEARCH_PATHS = "";
				HEADER_SEARCH_PATHS = "";
				LIBRARY_SEARCH_PATHS = "";
				OTHER_CFLAGS = "";
				OTHER_LDFLAGS = "";
				PRODUCT_NAME = SaverLab;
				SECTORDER_FLAGS = "";
				WARNING_CFLAGS = "-Wmost -Wno-four-char-constants -Wno-unknown-pragmas";
				WRAPPER_EXTENSION = app;
			};
			dependencies = (
			);
			isa = PBXApplicationTarget;
			name = SaverLab;
			productName = ScreenSaverShell;
			productReference = 17587328FF379C6511CA2CBB;
			productSettingsXML = "<?xml version=\"1.0\" encoding=\"UTF-8\"?>
<!DOCTYPE plist PUBLIC \"-//Apple Computer//DTD PLIST 1.0//EN\" \"http://www.apple.com/DTDs/PropertyList-1.0.dtd\">
<plist version=\"1.0\">
<dict>
	<key>CFBundleDevelopmentRegion</key>
	<string>English</string>
	<key>CFBundleDocumentTypes</key>
	<array>
		<dict>
			<key>CFBundleTypeExtensions</key>
			<array>
				<string>saver</string>
			</array>
			<key>CFBundleTypeName</key>
			<string>Screen Saver</string>
			<key>CFBundleTypeRole</key>
			<string>Viewer</string>
		</dict>
	</array>
	<key>CFBundleExecutable</key>
	<string>SaverLab</string>
	<key>CFBundleGetInfoString</key>
	<string>1.7, © 2001 Brian Nenninger</string>
	<key>CFBundleIconFile</key>
	<string>SaverLab.icns</string>
	<key>CFBundleIdentifier</key>
	<string>com.dozingcat.SaverLab</string>
	<key>CFBundleInfoDictionaryVersion</key>
	<string>6.0</string>
	<key>CFBundleName</key>
	<string>SaverLab</string>
	<key>CFBundlePackageType</key>
	<string>APPL</string>
	<key>CFBundleShortVersionString</key>
	<string>1.7</string>
	<key>CFBundleSignature</key>
	<string>????</string>
	<key>CFBundleVersion</key>
	<string>1.7</string>
	<key>NSHelpFile</key>
	<string>readme.html</string>
	<key>NSMainNibFile</key>
	<string>MainMenu</string>
	<key>NSPrincipalClass</key>
	<string>NSApplication</string>
</dict>
</plist>
";
			shouldUseHeadermap = 1;
		};
		29B97327FDCFA39411CA2CEA = {
			buildActionMask = 2147483647;
			files = (
				017AF4DD006ED87EC0A80002,
				017AF4E2006EF750C0A80002,
				0214AE10007AEDA27F000001,
				F55D505900CB21AD01A80002,
				F55D506800D2F35B01A80002,
				F5E5BB2F00DC774D01A80002,
				F5E5BB3A00DD5E5201A80002,
				F5E5BB3E00E061C101A80002,
				F53F695900E5795401A80002,
				F53F695D00E5854F01A80002,
				F524BA1200EEE59D01A80002,
				F581E08E0141EA4C01000001,
				F577A3530143566A01000001,
				F5743281014C45B701A80002,
				F5743285014C483401A80002,
				F5154072018C9B3A01A80002,
			);
			isa = PBXHeadersBuildPhase;
			runOnlyForDeploymentPostprocessing = 0;
		};
		29B97328FDCFA39411CA2CEA = {
			buildActionMask = 2147483647;
			files = (
				089C165EFE840E0CC02AAC07,
				459FBB2F0075ACF27F000001,
				701D263C0076C93C7F000001,
				F55D506500CF36EB01A80002,
				F524BA0B00E9A4AB01A80002,
				F58DF795030CAE2201A80032,
				F58DF797030CAE2401A80032,
			);
			isa = PBXResourcesBuildPhase;
			runOnlyForDeploymentPostprocessing = 0;
		};
		29B9732BFDCFA39411CA2CEA = {
			buildActionMask = 2147483647;
			files = (
				29B9732CFDCFA39411CA2CEA,
				017AF4DE006ED87EC0A80002,
				017AF4E4006EF750C0A80002,
				0214AE11007AEDA27F000001,
				F55D505A00CB21AD01A80002,
				F55D506900D2F35B01A80002,
				F5E5BB3000DC774D01A80002,
				F5E5BB3B00DD5E5201A80002,
				F5E5BB3F00E061C101A80002,
				F53F695A00E5795401A80002,
				F53F695E00E5854F01A80002,
				F524BA1300EEE59D01A80002,
				F581E08F0141EA4C01000001,
				F577A3540143566A01000001,
				F5743282014C45B701A80002,
				F5743286014C483401A80002,
				F5154073018C9B3A01A80002,
			);
			isa = PBXSourcesBuildPhase;
			runOnlyForDeploymentPostprocessing = 0;
		};
		29B9732CFDCFA39411CA2CEA = {
			fileRef = 29B97316FDCFA39411CA2CEA;
			isa = PBXBuildFile;
			settings = {
				ATTRIBUTES = (
				);
			};
		};
		29B9732DFDCFA39411CA2CEA = {
			buildActionMask = 2147483647;
			files = (
				1058C7A3FEA54F0111CA2CBB,
				017AF4DA006EBDA3C0A80002,
				0CB90037008A792A7F000001,
				F577A35B0143638801000001,
				F565BC2A03A9A7CA01A80032,
			);
			isa = PBXFrameworksBuildPhase;
			runOnlyForDeploymentPostprocessing = 0;
		};
//290
//291
//292
//293
//294
//450
//451
//452
//453
//454
		459FBB2B0075ACF27F000001 = {
			children = (
				459FBB2C0075ACF27F000001,
			);
			isa = PBXVariantGroup;
			name = MainMenu.nib;
			path = "";
			refType = 4;
		};
		459FBB2C0075ACF27F000001 = {
			isa = PBXFileReference;
			name = English;
			path = English.lproj/MainMenu.nib;
			refType = 4;
		};
		459FBB2F0075ACF27F000001 = {
			fileRef = 459FBB2B0075ACF27F000001;
			isa = PBXBuildFile;
			settings = {
			};
		};
//450
//451
//452
//453
//454
//4A0
//4A1
//4A2
//4A3
//4A4
		4A9504CCFFE6A4B311CA0CBA = {
			buildRules = (
			);
			buildSettings = {
				COPY_PHASE_STRIP = NO;
				OPTIMIZATION_CFLAGS = "-O0";
			};
			isa = PBXBuildStyle;
			name = Development;
		};
		4A9504CDFFE6A4B311CA0CBA = {
			buildRules = (
			);
			buildSettings = {
				COPY_PHASE_STRIP = YES;
			};
			isa = PBXBuildStyle;
			name = Deployment;
		};
//4A0
//4A1
//4A2
//4A3
//4A4
//700
//701
//702
//703
//704
		701D263B0076C93C7F000001 = {
			isa = PBXFileReference;
			path = readme.html;
			refType = 4;
		};
		701D263C0076C93C7F000001 = {
			fileRef = 701D263B0076C93C7F000001;
			isa = PBXBuildFile;
			settings = {
			};
		};
//700
//701
//702
//703
//704
//F50
//F51
//F52
//F53
//F54
		F515406E018C99CF01A80002 = {
			isa = PBXFileReference;
			name = StdoutWindow.nib;
			path = English.lproj/StdoutWindow.nib;
			refType = 4;
		};
		F5154070018C9B3A01A80002 = {
			isa = PBXFileReference;
			path = SaverLabStdoutWindowController.h;
			refType = 4;
		};
		F5154071018C9B3A01A80002 = {
			isa = PBXFileReference;
			path = SaverLabStdoutWindowController.m;
			refType = 4;
		};
		F5154072018C9B3A01A80002 = {
			fileRef = F5154070018C9B3A01A80002;
			isa = PBXBuildFile;
			settings = {
			};
		};
		F5154073018C9B3A01A80002 = {
			fileRef = F5154071018C9B3A01A80002;
			isa = PBXBuildFile;
			settings = {
			};
		};
		F524BA0A00E9A4AB01A80002 = {
			isa = PBXFileReference;
			path = SaverLab.icns;
			refType = 4;
		};
		F524BA0B00E9A4AB01A80002 = {
			fileRef = F524BA0A00E9A4AB01A80002;
			isa = PBXBuildFile;
			settings = {
			};
		};
		F524BA0E00EEDFD301A80002 = {
			children = (
				F5E5BB2D00DC774D01A80002,
				F5E5BB2E00DC774D01A80002,
				F53F695B00E5854F01A80002,
				F53F695C00E5854F01A80002,
			);
			isa = PBXGroup;
			name = Model;
			refType = 4;
		};
		F524BA0F00EEDFD301A80002 = {
			children = (
				017AF4DB006ED87EC0A80002,
				017AF4DC006ED87EC0A80002,
				017AF4DF006EF750C0A80002,
				017AF4E0006EF750C0A80002,
				F5E5BB3800DD5E5201A80002,
				F5E5BB3900DD5E5201A80002,
				F5E5BB3C00E061C101A80002,
				F5E5BB3D00E061C101A80002,
				F574327F014C45B701A80002,
				F5743280014C45B701A80002,
				F5743283014C483401A80002,
				F5743284014C483401A80002,
				F5154070018C9B3A01A80002,
				F5154071018C9B3A01A80002,
			);
			isa = PBXGroup;
			name = Controllers;
			refType = 4;
		};
		F524BA1000EEE59D01A80002 = {
			isa = PBXFileReference;
			path = SaverLabNSButtonAdditions.h;
			refType = 4;
		};
		F524BA1100EEE59D01A80002 = {
			isa = PBXFileReference;
			path = SaverLabNSButtonAdditions.m;
			refType = 4;
		};
		F524BA1200EEE59D01A80002 = {
			fileRef = F524BA1000EEE59D01A80002;
			isa = PBXBuildFile;
			settings = {
			};
		};
		F524BA1300EEE59D01A80002 = {
			fileRef = F524BA1100EEE59D01A80002;
			isa = PBXBuildFile;
			settings = {
			};
		};
		F53F695700E5795401A80002 = {
			isa = PBXFileReference;
			path = SaverLabNSWindowAdditions.h;
			refType = 4;
		};
		F53F695800E5795401A80002 = {
			isa = PBXFileReference;
			path = SaverLabNSWindowAdditions.m;
			refType = 4;
		};
		F53F695900E5795401A80002 = {
			fileRef = F53F695700E5795401A80002;
			isa = PBXBuildFile;
			settings = {
			};
		};
		F53F695A00E5795401A80002 = {
			fileRef = F53F695800E5795401A80002;
			isa = PBXBuildFile;
			settings = {
			};
		};
		F53F695B00E5854F01A80002 = {
			isa = PBXFileReference;
			path = SaverLabPreferences.h;
			refType = 4;
		};
		F53F695C00E5854F01A80002 = {
			isa = PBXFileReference;
			path = SaverLabPreferences.m;
			refType = 4;
		};
		F53F695D00E5854F01A80002 = {
			fileRef = F53F695B00E5854F01A80002;
			isa = PBXBuildFile;
			settings = {
			};
		};
		F53F695E00E5854F01A80002 = {
			fileRef = F53F695C00E5854F01A80002;
			isa = PBXBuildFile;
			settings = {
			};
		};
		F55D505700CB21AD01A80002 = {
			isa = PBXFileReference;
			path = SaverLabNSViewPoser.h;
			refType = 4;
		};
		F55D505800CB21AD01A80002 = {
			isa = PBXFileReference;
			path = SaverLabNSViewPoser.m;
			refType = 4;
		};
		F55D505900CB21AD01A80002 = {
			fileRef = F55D505700CB21AD01A80002;
			isa = PBXBuildFile;
			settings = {
			};
		};
		F55D505A00CB21AD01A80002 = {
			fileRef = F55D505800CB21AD01A80002;
			isa = PBXBuildFile;
			settings = {
			};
		};
		F55D506300CF36EB01A80002 = {
			children = (
				F55D506400CF36EB01A80002,
			);
			isa = PBXVariantGroup;
			name = ModuleInfoWindow.nib;
			path = "";
			refType = 4;
		};
		F55D506400CF36EB01A80002 = {
			isa = PBXFileReference;
			name = English;
			path = English.lproj/ModuleInfoWindow.nib;
			refType = 4;
		};
		F55D506500CF36EB01A80002 = {
			fileRef = F55D506300CF36EB01A80002;
			isa = PBXBuildFile;
			settings = {
			};
		};
		F55D506600D2F35B01A80002 = {
			isa = PBXFileReference;
			path = SaverLabNSOpenGLContextPoser.h;
			refType = 4;
		};
		F55D506700D2F35B01A80002 = {
			isa = PBXFileReference;
			path = SaverLabNSOpenGLContextPoser.m;
			refType = 4;
		};
		F55D506800D2F35B01A80002 = {
			fileRef = F55D506600D2F35B01A80002;
			isa = PBXBuildFile;
			settings = {
			};
		};
		F55D506900D2F35B01A80002 = {
			fileRef = F55D506700D2F35B01A80002;
			isa = PBXBuildFile;
			settings = {
			};
		};
		F565BC2903A9A7CA01A80032 = {
			isa = PBXFrameworkReference;
			name = Carbon.framework;
			path = /System/Library/Frameworks/Carbon.framework;
			refType = 0;
		};
		F565BC2A03A9A7CA01A80032 = {
			fileRef = F565BC2903A9A7CA01A80032;
			isa = PBXBuildFile;
			settings = {
			};
		};
		F574327D014C2C0701A80002 = {
			isa = PBXFileReference;
			name = QuicktimeProgressWindow.nib;
			path = English.lproj/QuicktimeProgressWindow.nib;
			refType = 4;
		};
		F574327F014C45B701A80002 = {
			isa = PBXFileReference;
			path = SaverLabImageEnumerator.h;
			refType = 4;
		};
		F5743280014C45B701A80002 = {
			isa = PBXFileReference;
			path = SaverLabImageEnumerator.m;
			refType = 4;
		};
		F5743281014C45B701A80002 = {
			fileRef = F574327F014C45B701A80002;
			isa = PBXBuildFile;
			settings = {
			};
		};
		F5743282014C45B701A80002 = {
			fileRef = F5743280014C45B701A80002;
			isa = PBXBuildFile;
			settings = {
			};
		};
		F5743283014C483401A80002 = {
			isa = PBXFileReference;
			path = SaverLabQTProgressWindowController.h;
			refType = 4;
		};
		F5743284014C483401A80002 = {
			isa = PBXFileReference;
			path = SaverLabQTProgressWindowController.m;
			refType = 4;
		};
		F5743285014C483401A80002 = {
			fileRef = F5743283014C483401A80002;
			isa = PBXBuildFile;
			settings = {
			};
		};
		F5743286014C483401A80002 = {
			fileRef = F5743284014C483401A80002;
			isa = PBXBuildFile;
			settings = {
			};
		};
		F577A3510143566A01000001 = {
			isa = PBXFileReference;
			path = QuicktimeUtils.m;
			refType = 4;
		};
		F577A3520143566A01000001 = {
			isa = PBXFileReference;
			path = QuicktimeUtils.h;
			refType = 4;
		};
		F577A3530143566A01000001 = {
			fileRef = F577A3520143566A01000001;
			isa = PBXBuildFile;
			settings = {
			};
		};
		F577A3540143566A01000001 = {
			fileRef = F577A3510143566A01000001;
			isa = PBXBuildFile;
			settings = {
			};
		};
		F577A35A0143638801000001 = {
			isa = PBXFrameworkReference;
			name = QuickTime.framework;
			path = /System/Library/Frameworks/QuickTime.framework;
			refType = 0;
		};
		F577A35B0143638801000001 = {
			fileRef = F577A35A0143638801000001;
			isa = PBXBuildFile;
			settings = {
			};
		};
		F581E08C0141EA4C01000001 = {
			isa = PBXFileReference;
			path = SaverLabScreenSaverViewAdditions.h;
			refType = 4;
		};
		F581E08D0141EA4C01000001 = {
			isa = PBXFileReference;
			path = SaverLabScreenSaverViewAdditions.m;
			refType = 4;
		};
		F581E08E0141EA4C01000001 = {
			fileRef = F581E08C0141EA4C01000001;
			isa = PBXBuildFile;
			settings = {
			};
		};
		F581E08F0141EA4C01000001 = {
			fileRef = F581E08D0141EA4C01000001;
			isa = PBXBuildFile;
			settings = {
			};
		};
		F58DF794030CAE2201A80032 = {
			children = (
				F574327D014C2C0701A80002,
			);
			isa = PBXVariantGroup;
			name = QuicktimeProgressWindow.nib;
			refType = 4;
		};
		F58DF795030CAE2201A80032 = {
			fileRef = F58DF794030CAE2201A80032;
			isa = PBXBuildFile;
			settings = {
			};
		};
		F58DF796030CAE2401A80032 = {
			children = (
				F515406E018C99CF01A80002,
			);
			isa = PBXVariantGroup;
			name = StdoutWindow.nib;
			refType = 4;
		};
		F58DF797030CAE2401A80032 = {
			fileRef = F58DF796030CAE2401A80032;
			isa = PBXBuildFile;
			settings = {
			};
		};
		F5E5BB2D00DC774D01A80002 = {
			isa = PBXFileReference;
			path = SaverLabModuleList.h;
			refType = 4;
		};
		F5E5BB2E00DC774D01A80002 = {
			isa = PBXFileReference;
			path = SaverLabModuleList.m;
			refType = 4;
		};
		F5E5BB2F00DC774D01A80002 = {
			fileRef = F5E5BB2D00DC774D01A80002;
			isa = PBXBuildFile;
			settings = {
			};
		};
		F5E5BB3000DC774D01A80002 = {
			fileRef = F5E5BB2E00DC774D01A80002;
			isa = PBXBuildFile;
			settings = {
			};
		};
		F5E5BB3700DD408801A80002 = {
			children = (
				0214AE0E007AEDA27F000001,
				0214AE0F007AEDA27F000001,
				F55D505700CB21AD01A80002,
				F55D505800CB21AD01A80002,
				F55D506600D2F35B01A80002,
				F55D506700D2F35B01A80002,
				F53F695700E5795401A80002,
				F53F695800E5795401A80002,
				F524BA1000EEE59D01A80002,
				F524BA1100EEE59D01A80002,
				F581E08C0141EA4C01000001,
				F581E08D0141EA4C01000001,
			);
			isa = PBXGroup;
			name = "Cocoa Additions";
			refType = 4;
		};
		F5E5BB3800DD5E5201A80002 = {
			isa = PBXFileReference;
			path = SaverLabBrowserWindowController.h;
			refType = 4;
		};
		F5E5BB3900DD5E5201A80002 = {
			isa = PBXFileReference;
			path = SaverLabBrowserWindowController.m;
			refType = 4;
		};
		F5E5BB3A00DD5E5201A80002 = {
			fileRef = F5E5BB3800DD5E5201A80002;
			isa = PBXBuildFile;
			settings = {
			};
		};
		F5E5BB3B00DD5E5201A80002 = {
			fileRef = F5E5BB3900DD5E5201A80002;
			isa = PBXBuildFile;
			settings = {
			};
		};
		F5E5BB3C00E061C101A80002 = {
			isa = PBXFileReference;
			path = SaverLabPrefsWindowController.h;
			refType = 4;
		};
		F5E5BB3D00E061C101A80002 = {
			isa = PBXFileReference;
			path = SaverLabPrefsWindowController.m;
			refType = 4;
		};
		F5E5BB3E00E061C101A80002 = {
			fileRef = F5E5BB3C00E061C101A80002;
			isa = PBXBuildFile;
			settings = {
			};
		};
		F5E5BB3F00E061C101A80002 = {
			fileRef = F5E5BB3D00E061C101A80002;
			isa = PBXBuildFile;
			settings = {
			};
		};
	};
	rootObject = 29B97313FDCFA39411CA2CEA;
}
